
Microsoft Visual Studio Solution File, Format Version 12.00
# Visual Studio Version 17
VisualStudioVersion = 17.0.32014.148
MinimumVisualStudioVersion = 10.0.40219.1
Project("{FAE04EC0-301F-11D3-BF4B-00C04F79EFBC}") = "cook", "cook\cook.csproj", "{26F6A107-F9A1-4EB3-BC5E-DD10DA58D406}"
EndProject
Global
	GlobalSection(SolutionConfigurationPlatforms) = preSolution
		Debug|Any CPU = Debug|Any CPU
		Release|Any CPU = Release|Any CPU
	EndGlobalSection
	GlobalSection(ProjectConfigurationPlatforms) = postSolution
		{26F6A107-F9A1-4EB3-BC5E-DD10DA58D406}.Debug|Any CPU.ActiveCfg = Debug|Any CPU
		{26F6A107-F9A1-4EB3-BC5E-DD10DA58D406}.Debug|Any CPU.Build.0 = Debug|Any CPU
		{26F6A107-F9A1-4EB3-BC5E-DD10DA58D406}.Release|Any CPU.ActiveCfg = Release|Any CPU
		{26F6A107-F9A1-4EB3-BC5E-DD10DA58D406}.Release|Any CPU.Build.0 = Release|Any CPU
	EndGlobalSection
	GlobalSection(SolutionProperties) = preSolution
		HideSolutionNode = FALSE
	EndGlobalSection
	GlobalSection(ExtensibilityGlobals) = postSolution
		SolutionGuid = {C2F792D7-5867-4927-9A0C-F1C3FEDABE12}
	EndGlobalSection
EndGlobal
